
Microsoft Visual Studio Solution File, Format Version 12.00
# Visual Studio 14
VisualStudioVersion = 14.0.25420.1
MinimumVisualStudioVersion = 10.0.40219.1
Project("{FAE04EC0-301F-11D3-BF4B-00C04F79EFBC}") = "HomeTask3-2", "HomeTask3-1\HomeTask3-2.csproj", "{7EE1E74F-439D-4E31-BF4A-D54D33B47194}"
EndProject
Project("{FAE04EC0-301F-11D3-BF4B-00C04F79EFBC}") = "HomeTask3-3", "HomeTask3-3\HomeTask3-3.csproj", "{D80A025A-7148-4A8D-BDA3-A2E27D886C6C}"
EndProject
Global
	GlobalSection(SolutionConfigurationPlatforms) = preSolution
		Debug|Any CPU = Debug|Any CPU
		Release|Any CPU = Release|Any CPU
	EndGlobalSection
	GlobalSection(ProjectConfigurationPlatforms) = postSolution
		{7EE1E74F-439D-4E31-BF4A-D54D33B47194}.Debug|Any CPU.ActiveCfg = Debug|Any CPU
		{7EE1E74F-439D-4E31-BF4A-D54D33B47194}.Debug|Any CPU.Build.0 = Debug|Any CPU
		{7EE1E74F-439D-4E31-BF4A-D54D33B47194}.Release|Any CPU.ActiveCfg = Release|Any CPU
		{7EE1E74F-439D-4E31-BF4A-D54D33B47194}.Release|Any CPU.Build.0 = Release|Any CPU
		{D80A025A-7148-4A8D-BDA3-A2E27D886C6C}.Debug|Any CPU.ActiveCfg = Debug|Any CPU
		{D80A025A-7148-4A8D-BDA3-A2E27D886C6C}.Debug|Any CPU.Build.0 = Debug|Any CPU
		{D80A025A-7148-4A8D-BDA3-A2E27D886C6C}.Release|Any CPU.ActiveCfg = Release|Any CPU
		{D80A025A-7148-4A8D-BDA3-A2E27D886C6C}.Release|Any CPU.Build.0 = Release|Any CPU
	EndGlobalSection
	GlobalSection(SolutionProperties) = preSolution
		HideSolutionNode = FALSE
	EndGlobalSection
EndGlobal
